
Microsoft Visual Studio Solution File, Format Version 12.00
# Visual Studio Version 16
VisualStudioVersion = 16.0.32228.343
MinimumVisualStudioVersion = 10.0.40219.1
Project("{8BC9CEB8-8B4A-11D0-8D11-00A0C91BC942}") = "2309", "2309\2309.vcxproj", "{3028A58A-CBB1-4E54-93AE-25FBDBB44A3A}"
EndProject
Project("{8BC9CEB8-8B4A-11D0-8D11-00A0C91BC942}") = "10808", "10808\10808.vcxproj", "{15629BAD-4074-46A1-ADD4-72C9D90D8263}"
EndProject
Project("{8BC9CEB8-8B4A-11D0-8D11-00A0C91BC942}") = "2979", "2979\2979.vcxproj", "{7A6EA138-E0C1-4E02-8ECD-48A33A5498F7}"
EndProject
Project("{8BC9CEB8-8B4A-11D0-8D11-00A0C91BC942}") = "1159", "1159\1159.vcxproj", "{41C83424-31FE-4F4E-8071-7CBF5C73ECEE}"
EndProject
Project("{8BC9CEB8-8B4A-11D0-8D11-00A0C91BC942}") = "10988", "10988\10988.vcxproj", "{BDE98A40-08CA-41AA-B653-ACA6691C5D79}"
EndProject
Project("{8BC9CEB8-8B4A-11D0-8D11-00A0C91BC942}") = "11655", "11655\11655.vcxproj", "{B5CEC797-E1ED-4341-93BC-EDAD9ADA9BEC}"
EndProject
Project("{8BC9CEB8-8B4A-11D0-8D11-00A0C91BC942}") = "9996", "9996\9996.vcxproj", "{ED1EC5F5-434C-4FFE-B807-C0395F14930A}"
EndProject
Project("{8BC9CEB8-8B4A-11D0-8D11-00A0C91BC942}") = "2559", "2559\2559.vcxproj", "{C893F81A-6A23-4FAA-899C-3513C6B8EE08}"
EndProject
Project("{8BC9CEB8-8B4A-11D0-8D11-00A0C91BC942}") = "1620", "1620\1620.vcxproj", "{ACA8DC07-1C99-4887-AB00-B559AD286DA9}"
EndProject
Project("{8BC9CEB8-8B4A-11D0-8D11-00A0C91BC942}") = "9375", "9375\9375.vcxproj", "{1ED112DF-393C-4E30-9FA5-D0F841BC1E76}"
EndProject
Project("{8BC9CEB8-8B4A-11D0-8D11-00A0C91BC942}") = "1213", "1213\1213.vcxproj", "{8B0C56E6-83F3-4082-9944-9B4C884420E4}"
EndProject
Project("{8BC9CEB8-8B4A-11D0-8D11-00A0C91BC942}") = "1940", "1940\1940.vcxproj", "{5C535473-4C8C-4C67-BF6F-E305132C37F7}"
EndProject
Project("{8BC9CEB8-8B4A-11D0-8D11-00A0C91BC942}") = "3986", "3986\3986.vcxproj", "{03DDB9BD-3796-41A2-95E0-61D1B431E876}"
EndProject
Project("{8BC9CEB8-8B4A-11D0-8D11-00A0C91BC942}") = "1629", "1629\1629.vcxproj", "{44DDBB01-4B0E-43D8-AC0F-DCEFF6961FBA}"
EndProject
Project("{8BC9CEB8-8B4A-11D0-8D11-00A0C91BC942}") = "4375", "4375\4375.vcxproj", "{90298B01-BAF6-494B-9A5D-C5ED3D00AE03}"
EndProject
Project("{8BC9CEB8-8B4A-11D0-8D11-00A0C91BC942}") = "NotePad", "NotePad\NotePad.vcxproj", "{39B2E4D1-2DD4-4657-B36D-D9D31D9EF494}"
EndProject
Project("{8BC9CEB8-8B4A-11D0-8D11-00A0C91BC942}") = "15686", "15686\15686.vcxproj", "{100D26B9-6704-40EF-ABC7-F5D960C48076}"
EndProject
Project("{8BC9CEB8-8B4A-11D0-8D11-00A0C91BC942}") = "15649", "15649\15649.vcxproj", "{37637F6A-230C-4CC1-8238-553FEF359752}"
EndProject
Project("{8BC9CEB8-8B4A-11D0-8D11-00A0C91BC942}") = "15686_0", "15686_0\15686_0.vcxproj", "{094413E0-4F61-41FC-B6B7-636DAFE72FF9}"
EndProject
Project("{8BC9CEB8-8B4A-11D0-8D11-00A0C91BC942}") = "9963", "9963\9963.vcxproj", "{E2CB5B51-ADA8-4EA2-AEC9-A2156015F280}"
EndProject
Project("{8BC9CEB8-8B4A-11D0-8D11-00A0C91BC942}") = "2178", "2178\2178.vcxproj", "{11D29207-FF57-40B7-8300-1E15A6BEC938}"
EndProject
Project("{8BC9CEB8-8B4A-11D0-8D11-00A0C91BC942}") = "1012", "1012\1012.vcxproj", "{E03AC9BE-AE92-43DB-BA37-204387BA6BC4}"
EndProject
Project("{8BC9CEB8-8B4A-11D0-8D11-00A0C91BC942}") = "1992", "1992\1992.vcxproj", "{7D5DCCEA-F94B-4826-8D89-3E8A2A8F3EE1}"
EndProject
Project("{8BC9CEB8-8B4A-11D0-8D11-00A0C91BC942}") = "12869_TLE", "12869_TLE\12869_TLE.vcxproj", "{81CD8623-9FC6-43D4-B6EA-4CA3A597C938}"
EndProject
Project("{8BC9CEB8-8B4A-11D0-8D11-00A0C91BC942}") = "12869_DFS", "12869\12869.vcxproj", "{554A239E-7A8D-441D-BC7A-419F8FBF4089}"
EndProject
Project("{8BC9CEB8-8B4A-11D0-8D11-00A0C91BC942}") = "2468", "2468\2468.vcxproj", "{60CDE01E-AAB7-43DD-BEFA-EF6E092D8A5A}"
EndProject
Project("{8BC9CEB8-8B4A-11D0-8D11-00A0C91BC942}") = "12869_BFS", "12869_BFS\12869_BFS.vcxproj", "{60C9A065-1441-48BC-9FE4-1219CBDF31EE}"
EndProject
Project("{8BC9CEB8-8B4A-11D0-8D11-00A0C91BC942}") = "1285", "1285\1285.vcxproj", "{86126926-C4ED-4347-9E81-F882B13ECCBB}"
EndProject
Project("{8BC9CEB8-8B4A-11D0-8D11-00A0C91BC942}") = "19942", "19942\19942.vcxproj", "{53EE43C6-9768-4F22-852F-6633D18BE5F1}"
EndProject
Project("{8BC9CEB8-8B4A-11D0-8D11-00A0C91BC942}") = "2589", "2589\2589.vcxproj", "{6FB7FD25-7A88-4571-AED7-317CF7B3CADB}"
EndProject
Project("{8BC9CEB8-8B4A-11D0-8D11-00A0C91BC942}") = "2583", "2583\2583.vcxproj", "{049C0F3E-0323-4D25-8B08-7D92A83018AA}"
EndProject
Project("{8BC9CEB8-8B4A-11D0-8D11-00A0C91BC942}") = "2828", "2828\2828.vcxproj", "{DE16B323-DD06-4780-BF62-AFD6B932431B}"
EndProject
Project("{8BC9CEB8-8B4A-11D0-8D11-00A0C91BC942}") = "2910", "2910\2910.vcxproj", "{581640A3-49BA-4D05-92EA-2BB3EF9AC500}"
EndProject
Project("{8BC9CEB8-8B4A-11D0-8D11-00A0C91BC942}") = "1931", "1931\1931.vcxproj", "{88B32CE2-7507-43B1-8F6B-E28A57BBCF14}"
EndProject
Project("{8BC9CEB8-8B4A-11D0-8D11-00A0C91BC942}") = "1202", "1202\1202.vcxproj", "{199224D0-BBE6-40D9-B3E3-77419C186CD3}"
EndProject
Project("{8BC9CEB8-8B4A-11D0-8D11-00A0C91BC942}") = "14729", "14729\14729.vcxproj", "{A39C8AD6-9E9D-4E84-8803-54201B2645AD}"
EndProject
Project("{8BC9CEB8-8B4A-11D0-8D11-00A0C91BC942}") = "2170", "2170\2170.vcxproj", "{C8447888-46B0-4166-B9E5-D26D81D1DD2E}"
EndProject
Project("{8BC9CEB8-8B4A-11D0-8D11-00A0C91BC942}") = "3273", "3273\3273.vcxproj", "{D2C3FEEB-4F32-4142-8E85-BF9C9E106D9D}"
EndProject
Project("{8BC9CEB8-8B4A-11D0-8D11-00A0C91BC942}") = "2109", "2109\2109.vcxproj", "{C8607381-E6A1-44A4-9A93-98FFAA0D3BCE}"
EndProject
Project("{8BC9CEB8-8B4A-11D0-8D11-00A0C91BC942}") = "2776", "2776\2776.vcxproj", "{7AD1A15E-5F62-4897-BFBC-825A8B9F3C07}"
EndProject
Project("{8BC9CEB8-8B4A-11D0-8D11-00A0C91BC942}") = "2729", "2729\2729.vcxproj", "{E257C6D9-DF9B-48CD-8CEA-3E27CDD5BE88}"
EndProject
Project("{8BC9CEB8-8B4A-11D0-8D11-00A0C91BC942}") = "11053", "11053\11053.vcxproj", "{AF65CF87-8E98-43CA-BD96-359300ECEB1B}"
EndProject
Project("{8BC9CEB8-8B4A-11D0-8D11-00A0C91BC942}") = "14002", "14002\14002.vcxproj", "{87CF0BF1-90DA-4589-9023-15141DDB2FB5}"
EndProject
Project("{8BC9CEB8-8B4A-11D0-8D11-00A0C91BC942}") = "11055", "11055\11055.vcxproj", "{7FD166E6-26FF-41AB-96AB-F841B69DF994}"
EndProject
Global
	GlobalSection(SolutionConfigurationPlatforms) = preSolution
		Debug|x64 = Debug|x64
		Debug|x86 = Debug|x86
		Release|x64 = Release|x64
		Release|x86 = Release|x86
	EndGlobalSection
	GlobalSection(ProjectConfigurationPlatforms) = postSolution
		{3028A58A-CBB1-4E54-93AE-25FBDBB44A3A}.Debug|x64.ActiveCfg = Debug|x64
		{3028A58A-CBB1-4E54-93AE-25FBDBB44A3A}.Debug|x64.Build.0 = Debug|x64
		{3028A58A-CBB1-4E54-93AE-25FBDBB44A3A}.Debug|x86.ActiveCfg = Debug|Win32
		{3028A58A-CBB1-4E54-93AE-25FBDBB44A3A}.Debug|x86.Build.0 = Debug|Win32
		{3028A58A-CBB1-4E54-93AE-25FBDBB44A3A}.Release|x64.ActiveCfg = Release|x64
		{3028A58A-CBB1-4E54-93AE-25FBDBB44A3A}.Release|x64.Build.0 = Release|x64
		{3028A58A-CBB1-4E54-93AE-25FBDBB44A3A}.Release|x86.ActiveCfg = Release|Win32
		{3028A58A-CBB1-4E54-93AE-25FBDBB44A3A}.Release|x86.Build.0 = Release|Win32
		{15629BAD-4074-46A1-ADD4-72C9D90D8263}.Debug|x64.ActiveCfg = Debug|x64
		{15629BAD-4074-46A1-ADD4-72C9D90D8263}.Debug|x64.Build.0 = Debug|x64
		{15629BAD-4074-46A1-ADD4-72C9D90D8263}.Debug|x86.ActiveCfg = Debug|Win32
		{15629BAD-4074-46A1-ADD4-72C9D90D8263}.Debug|x86.Build.0 = Debug|Win32
		{15629BAD-4074-46A1-ADD4-72C9D90D8263}.Release|x64.ActiveCfg = Release|x64
		{15629BAD-4074-46A1-ADD4-72C9D90D8263}.Release|x64.Build.0 = Release|x64
		{15629BAD-4074-46A1-ADD4-72C9D90D8263}.Release|x86.ActiveCfg = Release|Win32
		{15629BAD-4074-46A1-ADD4-72C9D90D8263}.Release|x86.Build.0 = Release|Win32
		{7A6EA138-E0C1-4E02-8ECD-48A33A5498F7}.Debug|x64.ActiveCfg = Debug|x64
		{7A6EA138-E0C1-4E02-8ECD-48A33A5498F7}.Debug|x64.Build.0 = Debug|x64
		{7A6EA138-E0C1-4E02-8ECD-48A33A5498F7}.Debug|x86.ActiveCfg = Debug|Win32
		{7A6EA138-E0C1-4E02-8ECD-48A33A5498F7}.Debug|x86.Build.0 = Debug|Win32
		{7A6EA138-E0C1-4E02-8ECD-48A33A5498F7}.Release|x64.ActiveCfg = Release|x64
		{7A6EA138-E0C1-4E02-8ECD-48A33A5498F7}.Release|x64.Build.0 = Release|x64
		{7A6EA138-E0C1-4E02-8ECD-48A33A5498F7}.Release|x86.ActiveCfg = Release|Win32
		{7A6EA138-E0C1-4E02-8ECD-48A33A5498F7}.Release|x86.Build.0 = Release|Win32
		{41C83424-31FE-4F4E-8071-7CBF5C73ECEE}.Debug|x64.ActiveCfg = Debug|x64
		{41C83424-31FE-4F4E-8071-7CBF5C73ECEE}.Debug|x64.Build.0 = Debug|x64
		{41C83424-31FE-4F4E-8071-7CBF5C73ECEE}.Debug|x86.ActiveCfg = Debug|Win32
		{41C83424-31FE-4F4E-8071-7CBF5C73ECEE}.Debug|x86.Build.0 = Debug|Win32
		{41C83424-31FE-4F4E-8071-7CBF5C73ECEE}.Release|x64.ActiveCfg = Release|x64
		{41C83424-31FE-4F4E-8071-7CBF5C73ECEE}.Release|x64.Build.0 = Release|x64
		{41C83424-31FE-4F4E-8071-7CBF5C73ECEE}.Release|x86.ActiveCfg = Release|Win32
		{41C83424-31FE-4F4E-8071-7CBF5C73ECEE}.Release|x86.Build.0 = Release|Win32
		{BDE98A40-08CA-41AA-B653-ACA6691C5D79}.Debug|x64.ActiveCfg = Debug|x64
		{BDE98A40-08CA-41AA-B653-ACA6691C5D79}.Debug|x64.Build.0 = Debug|x64
		{BDE98A40-08CA-41AA-B653-ACA6691C5D79}.Debug|x86.ActiveCfg = Debug|Win32
		{BDE98A40-08CA-41AA-B653-ACA6691C5D79}.Debug|x86.Build.0 = Debug|Win32
		{BDE98A40-08CA-41AA-B653-ACA6691C5D79}.Release|x64.ActiveCfg = Release|x64
		{BDE98A40-08CA-41AA-B653-ACA6691C5D79}.Release|x64.Build.0 = Release|x64
		{BDE98A40-08CA-41AA-B653-ACA6691C5D79}.Release|x86.ActiveCfg = Release|Win32
		{BDE98A40-08CA-41AA-B653-ACA6691C5D79}.Release|x86.Build.0 = Release|Win32
		{B5CEC797-E1ED-4341-93BC-EDAD9ADA9BEC}.Debug|x64.ActiveCfg = Debug|x64
		{B5CEC797-E1ED-4341-93BC-EDAD9ADA9BEC}.Debug|x64.Build.0 = Debug|x64
		{B5CEC797-E1ED-4341-93BC-EDAD9ADA9BEC}.Debug|x86.ActiveCfg = Debug|Win32
		{B5CEC797-E1ED-4341-93BC-EDAD9ADA9BEC}.Debug|x86.Build.0 = Debug|Win32
		{B5CEC797-E1ED-4341-93BC-EDAD9ADA9BEC}.Release|x64.ActiveCfg = Release|x64
		{B5CEC797-E1ED-4341-93BC-EDAD9ADA9BEC}.Release|x64.Build.0 = Release|x64
		{B5CEC797-E1ED-4341-93BC-EDAD9ADA9BEC}.Release|x86.ActiveCfg = Release|Win32
		{B5CEC797-E1ED-4341-93BC-EDAD9ADA9BEC}.Release|x86.Build.0 = Release|Win32
		{ED1EC5F5-434C-4FFE-B807-C0395F14930A}.Debug|x64.ActiveCfg = Debug|x64
		{ED1EC5F5-434C-4FFE-B807-C0395F14930A}.Debug|x64.Build.0 = Debug|x64
		{ED1EC5F5-434C-4FFE-B807-C0395F14930A}.Debug|x86.ActiveCfg = Debug|Win32
		{ED1EC5F5-434C-4FFE-B807-C0395F14930A}.Debug|x86.Build.0 = Debug|Win32
		{ED1EC5F5-434C-4FFE-B807-C0395F14930A}.Release|x64.ActiveCfg = Release|x64
		{ED1EC5F5-434C-4FFE-B807-C0395F14930A}.Release|x64.Build.0 = Release|x64
		{ED1EC5F5-434C-4FFE-B807-C0395F14930A}.Release|x86.ActiveCfg = Release|Win32
		{ED1EC5F5-434C-4FFE-B807-C0395F14930A}.Release|x86.Build.0 = Release|Win32
		{C893F81A-6A23-4FAA-899C-3513C6B8EE08}.Debug|x64.ActiveCfg = Debug|x64
		{C893F81A-6A23-4FAA-899C-3513C6B8EE08}.Debug|x64.Build.0 = Debug|x64
		{C893F81A-6A23-4FAA-899C-3513C6B8EE08}.Debug|x86.ActiveCfg = Debug|Win32
		{C893F81A-6A23-4FAA-899C-3513C6B8EE08}.Debug|x86.Build.0 = Debug|Win32
		{C893F81A-6A23-4FAA-899C-3513C6B8EE08}.Release|x64.ActiveCfg = Release|x64
		{C893F81A-6A23-4FAA-899C-3513C6B8EE08}.Release|x64.Build.0 = Release|x64
		{C893F81A-6A23-4FAA-899C-3513C6B8EE08}.Release|x86.ActiveCfg = Release|Win32
		{C893F81A-6A23-4FAA-899C-3513C6B8EE08}.Release|x86.Build.0 = Release|Win32
		{ACA8DC07-1C99-4887-AB00-B559AD286DA9}.Debug|x64.ActiveCfg = Debug|x64
		{ACA8DC07-1C99-4887-AB00-B559AD286DA9}.Debug|x64.Build.0 = Debug|x64
		{ACA8DC07-1C99-4887-AB00-B559AD286DA9}.Debug|x86.ActiveCfg = Debug|Win32
		{ACA8DC07-1C99-4887-AB00-B559AD286DA9}.Debug|x86.Build.0 = Debug|Win32
		{ACA8DC07-1C99-4887-AB00-B559AD286DA9}.Release|x64.ActiveCfg = Release|x64
		{ACA8DC07-1C99-4887-AB00-B559AD286DA9}.Release|x64.Build.0 = Release|x64
		{ACA8DC07-1C99-4887-AB00-B559AD286DA9}.Release|x86.ActiveCfg = Release|Win32
		{ACA8DC07-1C99-4887-AB00-B559AD286DA9}.Release|x86.Build.0 = Release|Win32
		{1ED112DF-393C-4E30-9FA5-D0F841BC1E76}.Debug|x64.ActiveCfg = Debug|x64
		{1ED112DF-393C-4E30-9FA5-D0F841BC1E76}.Debug|x64.Build.0 = Debug|x64
		{1ED112DF-393C-4E30-9FA5-D0F841BC1E76}.Debug|x86.ActiveCfg = Debug|Win32
		{1ED112DF-393C-4E30-9FA5-D0F841BC1E76}.Debug|x86.Build.0 = Debug|Win32
		{1ED112DF-393C-4E30-9FA5-D0F841BC1E76}.Release|x64.ActiveCfg = Release|x64
		{1ED112DF-393C-4E30-9FA5-D0F841BC1E76}.Release|x64.Build.0 = Release|x64
		{1ED112DF-393C-4E30-9FA5-D0F841BC1E76}.Release|x86.ActiveCfg = Release|Win32
		{1ED112DF-393C-4E30-9FA5-D0F841BC1E76}.Release|x86.Build.0 = Release|Win32
		{8B0C56E6-83F3-4082-9944-9B4C884420E4}.Debug|x64.ActiveCfg = Debug|x64
		{8B0C56E6-83F3-4082-9944-9B4C884420E4}.Debug|x64.Build.0 = Debug|x64
		{8B0C56E6-83F3-4082-9944-9B4C884420E4}.Debug|x86.ActiveCfg = Debug|Win32
		{8B0C56E6-83F3-4082-9944-9B4C884420E4}.Debug|x86.Build.0 = Debug|Win32
		{8B0C56E6-83F3-4082-9944-9B4C884420E4}.Release|x64.ActiveCfg = Release|x64
		{8B0C56E6-83F3-4082-9944-9B4C884420E4}.Release|x64.Build.0 = Release|x64
		{8B0C56E6-83F3-4082-9944-9B4C884420E4}.Release|x86.ActiveCfg = Release|Win32
		{8B0C56E6-83F3-4082-9944-9B4C884420E4}.Release|x86.Build.0 = Release|Win32
		{5C535473-4C8C-4C67-BF6F-E305132C37F7}.Debug|x64.ActiveCfg = Debug|x64
		{5C535473-4C8C-4C67-BF6F-E305132C37F7}.Debug|x64.Build.0 = Debug|x64
		{5C535473-4C8C-4C67-BF6F-E305132C37F7}.Debug|x86.ActiveCfg = Debug|Win32
		{5C535473-4C8C-4C67-BF6F-E305132C37F7}.Debug|x86.Build.0 = Debug|Win32
		{5C535473-4C8C-4C67-BF6F-E305132C37F7}.Release|x64.ActiveCfg = Release|x64
		{5C535473-4C8C-4C67-BF6F-E305132C37F7}.Release|x64.Build.0 = Release|x64
		{5C535473-4C8C-4C67-BF6F-E305132C37F7}.Release|x86.ActiveCfg = Release|Win32
		{5C535473-4C8C-4C67-BF6F-E305132C37F7}.Release|x86.Build.0 = Release|Win32
		{03DDB9BD-3796-41A2-95E0-61D1B431E876}.Debug|x64.ActiveCfg = Debug|x64
		{03DDB9BD-3796-41A2-95E0-61D1B431E876}.Debug|x64.Build.0 = Debug|x64
		{03DDB9BD-3796-41A2-95E0-61D1B431E876}.Debug|x86.ActiveCfg = Debug|Win32
		{03DDB9BD-3796-41A2-95E0-61D1B431E876}.Debug|x86.Build.0 = Debug|Win32
		{03DDB9BD-3796-41A2-95E0-61D1B431E876}.Release|x64.ActiveCfg = Release|x64
		{03DDB9BD-3796-41A2-95E0-61D1B431E876}.Release|x64.Build.0 = Release|x64
		{03DDB9BD-3796-41A2-95E0-61D1B431E876}.Release|x86.ActiveCfg = Release|Win32
		{03DDB9BD-3796-41A2-95E0-61D1B431E876}.Release|x86.Build.0 = Release|Win32
		{44DDBB01-4B0E-43D8-AC0F-DCEFF6961FBA}.Debug|x64.ActiveCfg = Debug|x64
		{44DDBB01-4B0E-43D8-AC0F-DCEFF6961FBA}.Debug|x64.Build.0 = Debug|x64
		{44DDBB01-4B0E-43D8-AC0F-DCEFF6961FBA}.Debug|x86.ActiveCfg = Debug|Win32
		{44DDBB01-4B0E-43D8-AC0F-DCEFF6961FBA}.Debug|x86.Build.0 = Debug|Win32
		{44DDBB01-4B0E-43D8-AC0F-DCEFF6961FBA}.Release|x64.ActiveCfg = Release|x64
		{44DDBB01-4B0E-43D8-AC0F-DCEFF6961FBA}.Release|x64.Build.0 = Release|x64
		{44DDBB01-4B0E-43D8-AC0F-DCEFF6961FBA}.Release|x86.ActiveCfg = Release|Win32
		{44DDBB01-4B0E-43D8-AC0F-DCEFF6961FBA}.Release|x86.Build.0 = Release|Win32
		{90298B01-BAF6-494B-9A5D-C5ED3D00AE03}.Debug|x64.ActiveCfg = Debug|x64
		{90298B01-BAF6-494B-9A5D-C5ED3D00AE03}.Debug|x64.Build.0 = Debug|x64
		{90298B01-BAF6-494B-9A5D-C5ED3D00AE03}.Debug|x86.ActiveCfg = Debug|Win32
		{90298B01-BAF6-494B-9A5D-C5ED3D00AE03}.Debug|x86.Build.0 = Debug|Win32
		{90298B01-BAF6-494B-9A5D-C5ED3D00AE03}.Release|x64.ActiveCfg = Release|x64
		{90298B01-BAF6-494B-9A5D-C5ED3D00AE03}.Release|x64.Build.0 = Release|x64
		{90298B01-BAF6-494B-9A5D-C5ED3D00AE03}.Release|x86.ActiveCfg = Release|Win32
		{90298B01-BAF6-494B-9A5D-C5ED3D00AE03}.Release|x86.Build.0 = Release|Win32
		{39B2E4D1-2DD4-4657-B36D-D9D31D9EF494}.Debug|x64.ActiveCfg = Debug|x64
		{39B2E4D1-2DD4-4657-B36D-D9D31D9EF494}.Debug|x64.Build.0 = Debug|x64
		{39B2E4D1-2DD4-4657-B36D-D9D31D9EF494}.Debug|x86.ActiveCfg = Debug|Win32
		{39B2E4D1-2DD4-4657-B36D-D9D31D9EF494}.Debug|x86.Build.0 = Debug|Win32
		{39B2E4D1-2DD4-4657-B36D-D9D31D9EF494}.Release|x64.ActiveCfg = Release|x64
		{39B2E4D1-2DD4-4657-B36D-D9D31D9EF494}.Release|x64.Build.0 = Release|x64
		{39B2E4D1-2DD4-4657-B36D-D9D31D9EF494}.Release|x86.ActiveCfg = Release|Win32
		{39B2E4D1-2DD4-4657-B36D-D9D31D9EF494}.Release|x86.Build.0 = Release|Win32
		{100D26B9-6704-40EF-ABC7-F5D960C48076}.Debug|x64.ActiveCfg = Debug|x64
		{100D26B9-6704-40EF-ABC7-F5D960C48076}.Debug|x64.Build.0 = Debug|x64
		{100D26B9-6704-40EF-ABC7-F5D960C48076}.Debug|x86.ActiveCfg = Debug|Win32
		{100D26B9-6704-40EF-ABC7-F5D960C48076}.Debug|x86.Build.0 = Debug|Win32
		{100D26B9-6704-40EF-ABC7-F5D960C48076}.Release|x64.ActiveCfg = Release|x64
		{100D26B9-6704-40EF-ABC7-F5D960C48076}.Release|x64.Build.0 = Release|x64
		{100D26B9-6704-40EF-ABC7-F5D960C48076}.Release|x86.ActiveCfg = Release|Win32
		{100D26B9-6704-40EF-ABC7-F5D960C48076}.Release|x86.Build.0 = Release|Win32
		{37637F6A-230C-4CC1-8238-553FEF359752}.Debug|x64.ActiveCfg = Debug|x64
		{37637F6A-230C-4CC1-8238-553FEF359752}.Debug|x64.Build.0 = Debug|x64
		{37637F6A-230C-4CC1-8238-553FEF359752}.Debug|x86.ActiveCfg = Debug|Win32
		{37637F6A-230C-4CC1-8238-553FEF359752}.Debug|x86.Build.0 = Debug|Win32
		{37637F6A-230C-4CC1-8238-553FEF359752}.Release|x64.ActiveCfg = Release|x64
		{37637F6A-230C-4CC1-8238-553FEF359752}.Release|x64.Build.0 = Release|x64
		{37637F6A-230C-4CC1-8238-553FEF359752}.Release|x86.ActiveCfg = Release|Win32
		{37637F6A-230C-4CC1-8238-553FEF359752}.Release|x86.Build.0 = Release|Win32
		{094413E0-4F61-41FC-B6B7-636DAFE72FF9}.Debug|x64.ActiveCfg = Debug|x64
		{094413E0-4F61-41FC-B6B7-636DAFE72FF9}.Debug|x64.Build.0 = Debug|x64
		{094413E0-4F61-41FC-B6B7-636DAFE72FF9}.Debug|x86.ActiveCfg = Debug|Win32
		{094413E0-4F61-41FC-B6B7-636DAFE72FF9}.Debug|x86.Build.0 = Debug|Win32
		{094413E0-4F61-41FC-B6B7-636DAFE72FF9}.Release|x64.ActiveCfg = Release|x64
		{094413E0-4F61-41FC-B6B7-636DAFE72FF9}.Release|x64.Build.0 = Release|x64
		{094413E0-4F61-41FC-B6B7-636DAFE72FF9}.Release|x86.ActiveCfg = Release|Win32
		{094413E0-4F61-41FC-B6B7-636DAFE72FF9}.Release|x86.Build.0 = Release|Win32
		{E2CB5B51-ADA8-4EA2-AEC9-A2156015F280}.Debug|x64.ActiveCfg = Debug|x64
		{E2CB5B51-ADA8-4EA2-AEC9-A2156015F280}.Debug|x64.Build.0 = Debug|x64
		{E2CB5B51-ADA8-4EA2-AEC9-A2156015F280}.Debug|x86.ActiveCfg = Debug|Win32
		{E2CB5B51-ADA8-4EA2-AEC9-A2156015F280}.Debug|x86.Build.0 = Debug|Win32
		{E2CB5B51-ADA8-4EA2-AEC9-A2156015F280}.Release|x64.ActiveCfg = Release|x64
		{E2CB5B51-ADA8-4EA2-AEC9-A2156015F280}.Release|x64.Build.0 = Release|x64
		{E2CB5B51-ADA8-4EA2-AEC9-A2156015F280}.Release|x86.ActiveCfg = Release|Win32
		{E2CB5B51-ADA8-4EA2-AEC9-A2156015F280}.Release|x86.Build.0 = Release|Win32
		{11D29207-FF57-40B7-8300-1E15A6BEC938}.Debug|x64.ActiveCfg = Debug|x64
		{11D29207-FF57-40B7-8300-1E15A6BEC938}.Debug|x64.Build.0 = Debug|x64
		{11D29207-FF57-40B7-8300-1E15A6BEC938}.Debug|x86.ActiveCfg = Debug|Win32
		{11D29207-FF57-40B7-8300-1E15A6BEC938}.Debug|x86.Build.0 = Debug|Win32
		{11D29207-FF57-40B7-8300-1E15A6BEC938}.Release|x64.ActiveCfg = Release|x64
		{11D29207-FF57-40B7-8300-1E15A6BEC938}.Release|x64.Build.0 = Release|x64
		{11D29207-FF57-40B7-8300-1E15A6BEC938}.Release|x86.ActiveCfg = Release|Win32
		{11D29207-FF57-40B7-8300-1E15A6BEC938}.Release|x86.Build.0 = Release|Win32
		{E03AC9BE-AE92-43DB-BA37-204387BA6BC4}.Debug|x64.ActiveCfg = Debug|x64
		{E03AC9BE-AE92-43DB-BA37-204387BA6BC4}.Debug|x64.Build.0 = Debug|x64
		{E03AC9BE-AE92-43DB-BA37-204387BA6BC4}.Debug|x86.ActiveCfg = Debug|Win32
		{E03AC9BE-AE92-43DB-BA37-204387BA6BC4}.Debug|x86.Build.0 = Debug|Win32
		{E03AC9BE-AE92-43DB-BA37-204387BA6BC4}.Release|x64.ActiveCfg = Release|x64
		{E03AC9BE-AE92-43DB-BA37-204387BA6BC4}.Release|x64.Build.0 = Release|x64
		{E03AC9BE-AE92-43DB-BA37-204387BA6BC4}.Release|x86.ActiveCfg = Release|Win32
		{E03AC9BE-AE92-43DB-BA37-204387BA6BC4}.Release|x86.Build.0 = Release|Win32
		{7D5DCCEA-F94B-4826-8D89-3E8A2A8F3EE1}.Debug|x64.ActiveCfg = Debug|x64
		{7D5DCCEA-F94B-4826-8D89-3E8A2A8F3EE1}.Debug|x64.Build.0 = Debug|x64
		{7D5DCCEA-F94B-4826-8D89-3E8A2A8F3EE1}.Debug|x86.ActiveCfg = Debug|Win32
		{7D5DCCEA-F94B-4826-8D89-3E8A2A8F3EE1}.Debug|x86.Build.0 = Debug|Win32
		{7D5DCCEA-F94B-4826-8D89-3E8A2A8F3EE1}.Release|x64.ActiveCfg = Release|x64
		{7D5DCCEA-F94B-4826-8D89-3E8A2A8F3EE1}.Release|x64.Build.0 = Release|x64
		{7D5DCCEA-F94B-4826-8D89-3E8A2A8F3EE1}.Release|x86.ActiveCfg = Release|Win32
		{7D5DCCEA-F94B-4826-8D89-3E8A2A8F3EE1}.Release|x86.Build.0 = Release|Win32
		{81CD8623-9FC6-43D4-B6EA-4CA3A597C938}.Debug|x64.ActiveCfg = Debug|x64
		{81CD8623-9FC6-43D4-B6EA-4CA3A597C938}.Debug|x64.Build.0 = Debug|x64
		{81CD8623-9FC6-43D4-B6EA-4CA3A597C938}.Debug|x86.ActiveCfg = Debug|Win32
		{81CD8623-9FC6-43D4-B6EA-4CA3A597C938}.Debug|x86.Build.0 = Debug|Win32
		{81CD8623-9FC6-43D4-B6EA-4CA3A597C938}.Release|x64.ActiveCfg = Release|x64
		{81CD8623-9FC6-43D4-B6EA-4CA3A597C938}.Release|x64.Build.0 = Release|x64
		{81CD8623-9FC6-43D4-B6EA-4CA3A597C938}.Release|x86.ActiveCfg = Release|Win32
		{81CD8623-9FC6-43D4-B6EA-4CA3A597C938}.Release|x86.Build.0 = Release|Win32
		{554A239E-7A8D-441D-BC7A-419F8FBF4089}.Debug|x64.ActiveCfg = Debug|x64
		{554A239E-7A8D-441D-BC7A-419F8FBF4089}.Debug|x64.Build.0 = Debug|x64
		{554A239E-7A8D-441D-BC7A-419F8FBF4089}.Debug|x86.ActiveCfg = Debug|Win32
		{554A239E-7A8D-441D-BC7A-419F8FBF4089}.Debug|x86.Build.0 = Debug|Win32
		{554A239E-7A8D-441D-BC7A-419F8FBF4089}.Release|x64.ActiveCfg = Release|x64
		{554A239E-7A8D-441D-BC7A-419F8FBF4089}.Release|x64.Build.0 = Release|x64
		{554A239E-7A8D-441D-BC7A-419F8FBF4089}.Release|x86.ActiveCfg = Release|Win32
		{554A239E-7A8D-441D-BC7A-419F8FBF4089}.Release|x86.Build.0 = Release|Win32
		{60CDE01E-AAB7-43DD-BEFA-EF6E092D8A5A}.Debug|x64.ActiveCfg = Debug|x64
		{60CDE01E-AAB7-43DD-BEFA-EF6E092D8A5A}.Debug|x64.Build.0 = Debug|x64
		{60CDE01E-AAB7-43DD-BEFA-EF6E092D8A5A}.Debug|x86.ActiveCfg = Debug|Win32
		{60CDE01E-AAB7-43DD-BEFA-EF6E092D8A5A}.Debug|x86.Build.0 = Debug|Win32
		{60CDE01E-AAB7-43DD-BEFA-EF6E092D8A5A}.Release|x64.ActiveCfg = Release|x64
		{60CDE01E-AAB7-43DD-BEFA-EF6E092D8A5A}.Release|x64.Build.0 = Release|x64
		{60CDE01E-AAB7-43DD-BEFA-EF6E092D8A5A}.Release|x86.ActiveCfg = Release|Win32
		{60CDE01E-AAB7-43DD-BEFA-EF6E092D8A5A}.Release|x86.Build.0 = Release|Win32
		{60C9A065-1441-48BC-9FE4-1219CBDF31EE}.Debug|x64.ActiveCfg = Debug|x64
		{60C9A065-1441-48BC-9FE4-1219CBDF31EE}.Debug|x64.Build.0 = Debug|x64
		{60C9A065-1441-48BC-9FE4-1219CBDF31EE}.Debug|x86.ActiveCfg = Debug|Win32
		{60C9A065-1441-48BC-9FE4-1219CBDF31EE}.Debug|x86.Build.0 = Debug|Win32
		{60C9A065-1441-48BC-9FE4-1219CBDF31EE}.Release|x64.ActiveCfg = Release|x64
		{60C9A065-1441-48BC-9FE4-1219CBDF31EE}.Release|x64.Build.0 = Release|x64
		{60C9A065-1441-48BC-9FE4-1219CBDF31EE}.Release|x86.ActiveCfg = Release|Win32
		{60C9A065-1441-48BC-9FE4-1219CBDF31EE}.Release|x86.Build.0 = Release|Win32
		{86126926-C4ED-4347-9E81-F882B13ECCBB}.Debug|x64.ActiveCfg = Debug|x64
		{86126926-C4ED-4347-9E81-F882B13ECCBB}.Debug|x64.Build.0 = Debug|x64
		{86126926-C4ED-4347-9E81-F882B13ECCBB}.Debug|x86.ActiveCfg = Debug|Win32
		{86126926-C4ED-4347-9E81-F882B13ECCBB}.Debug|x86.Build.0 = Debug|Win32
		{86126926-C4ED-4347-9E81-F882B13ECCBB}.Release|x64.ActiveCfg = Release|x64
		{86126926-C4ED-4347-9E81-F882B13ECCBB}.Release|x64.Build.0 = Release|x64
		{86126926-C4ED-4347-9E81-F882B13ECCBB}.Release|x86.ActiveCfg = Release|Win32
		{86126926-C4ED-4347-9E81-F882B13ECCBB}.Release|x86.Build.0 = Release|Win32
		{53EE43C6-9768-4F22-852F-6633D18BE5F1}.Debug|x64.ActiveCfg = Debug|x64
		{53EE43C6-9768-4F22-852F-6633D18BE5F1}.Debug|x64.Build.0 = Debug|x64
		{53EE43C6-9768-4F22-852F-6633D18BE5F1}.Debug|x86.ActiveCfg = Debug|Win32
		{53EE43C6-9768-4F22-852F-6633D18BE5F1}.Debug|x86.Build.0 = Debug|Win32
		{53EE43C6-9768-4F22-852F-6633D18BE5F1}.Release|x64.ActiveCfg = Release|x64
		{53EE43C6-9768-4F22-852F-6633D18BE5F1}.Release|x64.Build.0 = Release|x64
		{53EE43C6-9768-4F22-852F-6633D18BE5F1}.Release|x86.ActiveCfg = Release|Win32
		{53EE43C6-9768-4F22-852F-6633D18BE5F1}.Release|x86.Build.0 = Release|Win32
		{6FB7FD25-7A88-4571-AED7-317CF7B3CADB}.Debug|x64.ActiveCfg = Debug|x64
		{6FB7FD25-7A88-4571-AED7-317CF7B3CADB}.Debug|x64.Build.0 = Debug|x64
		{6FB7FD25-7A88-4571-AED7-317CF7B3CADB}.Debug|x86.ActiveCfg = Debug|Win32
		{6FB7FD25-7A88-4571-AED7-317CF7B3CADB}.Debug|x86.Build.0 = Debug|Win32
		{6FB7FD25-7A88-4571-AED7-317CF7B3CADB}.Release|x64.ActiveCfg = Release|x64
		{6FB7FD25-7A88-4571-AED7-317CF7B3CADB}.Release|x64.Build.0 = Release|x64
		{6FB7FD25-7A88-4571-AED7-317CF7B3CADB}.Release|x86.ActiveCfg = Release|Win32
		{6FB7FD25-7A88-4571-AED7-317CF7B3CADB}.Release|x86.Build.0 = Release|Win32
		{049C0F3E-0323-4D25-8B08-7D92A83018AA}.Debug|x64.ActiveCfg = Debug|x64
		{049C0F3E-0323-4D25-8B08-7D92A83018AA}.Debug|x64.Build.0 = Debug|x64
		{049C0F3E-0323-4D25-8B08-7D92A83018AA}.Debug|x86.ActiveCfg = Debug|Win32
		{049C0F3E-0323-4D25-8B08-7D92A83018AA}.Debug|x86.Build.0 = Debug|Win32
		{049C0F3E-0323-4D25-8B08-7D92A83018AA}.Release|x64.ActiveCfg = Release|x64
		{049C0F3E-0323-4D25-8B08-7D92A83018AA}.Release|x64.Build.0 = Release|x64
		{049C0F3E-0323-4D25-8B08-7D92A83018AA}.Release|x86.ActiveCfg = Release|Win32
		{049C0F3E-0323-4D25-8B08-7D92A83018AA}.Release|x86.Build.0 = Release|Win32
		{DE16B323-DD06-4780-BF62-AFD6B932431B}.Debug|x64.ActiveCfg = Debug|x64
		{DE16B323-DD06-4780-BF62-AFD6B932431B}.Debug|x64.Build.0 = Debug|x64
		{DE16B323-DD06-4780-BF62-AFD6B932431B}.Debug|x86.ActiveCfg = Debug|Win32
		{DE16B323-DD06-4780-BF62-AFD6B932431B}.Debug|x86.Build.0 = Debug|Win32
		{DE16B323-DD06-4780-BF62-AFD6B932431B}.Release|x64.ActiveCfg = Release|x64
		{DE16B323-DD06-4780-BF62-AFD6B932431B}.Release|x64.Build.0 = Release|x64
		{DE16B323-DD06-4780-BF62-AFD6B932431B}.Release|x86.ActiveCfg = Release|Win32
		{DE16B323-DD06-4780-BF62-AFD6B932431B}.Release|x86.Build.0 = Release|Win32
		{581640A3-49BA-4D05-92EA-2BB3EF9AC500}.Debug|x64.ActiveCfg = Debug|x64
		{581640A3-49BA-4D05-92EA-2BB3EF9AC500}.Debug|x64.Build.0 = Debug|x64
		{581640A3-49BA-4D05-92EA-2BB3EF9AC500}.Debug|x86.ActiveCfg = Debug|Win32
		{581640A3-49BA-4D05-92EA-2BB3EF9AC500}.Debug|x86.Build.0 = Debug|Win32
		{581640A3-49BA-4D05-92EA-2BB3EF9AC500}.Release|x64.ActiveCfg = Release|x64
		{581640A3-49BA-4D05-92EA-2BB3EF9AC500}.Release|x64.Build.0 = Release|x64
		{581640A3-49BA-4D05-92EA-2BB3EF9AC500}.Release|x86.ActiveCfg = Release|Win32
		{581640A3-49BA-4D05-92EA-2BB3EF9AC500}.Release|x86.Build.0 = Release|Win32
		{88B32CE2-7507-43B1-8F6B-E28A57BBCF14}.Debug|x64.ActiveCfg = Debug|x64
		{88B32CE2-7507-43B1-8F6B-E28A57BBCF14}.Debug|x64.Build.0 = Debug|x64
		{88B32CE2-7507-43B1-8F6B-E28A57BBCF14}.Debug|x86.ActiveCfg = Debug|Win32
		{88B32CE2-7507-43B1-8F6B-E28A57BBCF14}.Debug|x86.Build.0 = Debug|Win32
		{88B32CE2-7507-43B1-8F6B-E28A57BBCF14}.Release|x64.ActiveCfg = Release|x64
		{88B32CE2-7507-43B1-8F6B-E28A57BBCF14}.Release|x64.Build.0 = Release|x64
		{88B32CE2-7507-43B1-8F6B-E28A57BBCF14}.Release|x86.ActiveCfg = Release|Win32
		{88B32CE2-7507-43B1-8F6B-E28A57BBCF14}.Release|x86.Build.0 = Release|Win32
		{199224D0-BBE6-40D9-B3E3-77419C186CD3}.Debug|x64.ActiveCfg = Debug|x64
		{199224D0-BBE6-40D9-B3E3-77419C186CD3}.Debug|x64.Build.0 = Debug|x64
		{199224D0-BBE6-40D9-B3E3-77419C186CD3}.Debug|x86.ActiveCfg = Debug|Win32
		{199224D0-BBE6-40D9-B3E3-77419C186CD3}.Debug|x86.Build.0 = Debug|Win32
		{199224D0-BBE6-40D9-B3E3-77419C186CD3}.Release|x64.ActiveCfg = Release|x64
		{199224D0-BBE6-40D9-B3E3-77419C186CD3}.Release|x64.Build.0 = Release|x64
		{199224D0-BBE6-40D9-B3E3-77419C186CD3}.Release|x86.ActiveCfg = Release|Win32
		{199224D0-BBE6-40D9-B3E3-77419C186CD3}.Release|x86.Build.0 = Release|Win32
		{A39C8AD6-9E9D-4E84-8803-54201B2645AD}.Debug|x64.ActiveCfg = Debug|x64
		{A39C8AD6-9E9D-4E84-8803-54201B2645AD}.Debug|x64.Build.0 = Debug|x64
		{A39C8AD6-9E9D-4E84-8803-54201B2645AD}.Debug|x86.ActiveCfg = Debug|Win32
		{A39C8AD6-9E9D-4E84-8803-54201B2645AD}.Debug|x86.Build.0 = Debug|Win32
		{A39C8AD6-9E9D-4E84-8803-54201B2645AD}.Release|x64.ActiveCfg = Release|x64
		{A39C8AD6-9E9D-4E84-8803-54201B2645AD}.Release|x64.Build.0 = Release|x64
		{A39C8AD6-9E9D-4E84-8803-54201B2645AD}.Release|x86.ActiveCfg = Release|Win32
		{A39C8AD6-9E9D-4E84-8803-54201B2645AD}.Release|x86.Build.0 = Release|Win32
		{C8447888-46B0-4166-B9E5-D26D81D1DD2E}.Debug|x64.ActiveCfg = Debug|x64
		{C8447888-46B0-4166-B9E5-D26D81D1DD2E}.Debug|x64.Build.0 = Debug|x64
		{C8447888-46B0-4166-B9E5-D26D81D1DD2E}.Debug|x86.ActiveCfg = Debug|Win32
		{C8447888-46B0-4166-B9E5-D26D81D1DD2E}.Debug|x86.Build.0 = Debug|Win32
		{C8447888-46B0-4166-B9E5-D26D81D1DD2E}.Release|x64.ActiveCfg = Release|x64
		{C8447888-46B0-4166-B9E5-D26D81D1DD2E}.Release|x64.Build.0 = Release|x64
		{C8447888-46B0-4166-B9E5-D26D81D1DD2E}.Release|x86.ActiveCfg = Release|Win32
		{C8447888-46B0-4166-B9E5-D26D81D1DD2E}.Release|x86.Build.0 = Release|Win32
		{D2C3FEEB-4F32-4142-8E85-BF9C9E106D9D}.Debug|x64.ActiveCfg = Debug|x64
		{D2C3FEEB-4F32-4142-8E85-BF9C9E106D9D}.Debug|x64.Build.0 = Debug|x64
		{D2C3FEEB-4F32-4142-8E85-BF9C9E106D9D}.Debug|x86.ActiveCfg = Debug|Win32
		{D2C3FEEB-4F32-4142-8E85-BF9C9E106D9D}.Debug|x86.Build.0 = Debug|Win32
		{D2C3FEEB-4F32-4142-8E85-BF9C9E106D9D}.Release|x64.ActiveCfg = Release|x64
		{D2C3FEEB-4F32-4142-8E85-BF9C9E106D9D}.Release|x64.Build.0 = Release|x64
		{D2C3FEEB-4F32-4142-8E85-BF9C9E106D9D}.Release|x86.ActiveCfg = Release|Win32
		{D2C3FEEB-4F32-4142-8E85-BF9C9E106D9D}.Release|x86.Build.0 = Release|Win32
		{C8607381-E6A1-44A4-9A93-98FFAA0D3BCE}.Debug|x64.ActiveCfg = Debug|x64
		{C8607381-E6A1-44A4-9A93-98FFAA0D3BCE}.Debug|x64.Build.0 = Debug|x64
		{C8607381-E6A1-44A4-9A93-98FFAA0D3BCE}.Debug|x86.ActiveCfg = Debug|Win32
		{C8607381-E6A1-44A4-9A93-98FFAA0D3BCE}.Debug|x86.Build.0 = Debug|Win32
		{C8607381-E6A1-44A4-9A93-98FFAA0D3BCE}.Release|x64.ActiveCfg = Release|x64
		{C8607381-E6A1-44A4-9A93-98FFAA0D3BCE}.Release|x64.Build.0 = Release|x64
		{C8607381-E6A1-44A4-9A93-98FFAA0D3BCE}.Release|x86.ActiveCfg = Release|Win32
		{C8607381-E6A1-44A4-9A93-98FFAA0D3BCE}.Release|x86.Build.0 = Release|Win32
		{7AD1A15E-5F62-4897-BFBC-825A8B9F3C07}.Debug|x64.ActiveCfg = Debug|x64
		{7AD1A15E-5F62-4897-BFBC-825A8B9F3C07}.Debug|x64.Build.0 = Debug|x64
		{7AD1A15E-5F62-4897-BFBC-825A8B9F3C07}.Debug|x86.ActiveCfg = Debug|Win32
		{7AD1A15E-5F62-4897-BFBC-825A8B9F3C07}.Debug|x86.Build.0 = Debug|Win32
		{7AD1A15E-5F62-4897-BFBC-825A8B9F3C07}.Release|x64.ActiveCfg = Release|x64
		{7AD1A15E-5F62-4897-BFBC-825A8B9F3C07}.Release|x64.Build.0 = Release|x64
		{7AD1A15E-5F62-4897-BFBC-825A8B9F3C07}.Release|x86.ActiveCfg = Release|Win32
		{7AD1A15E-5F62-4897-BFBC-825A8B9F3C07}.Release|x86.Build.0 = Release|Win32
		{E257C6D9-DF9B-48CD-8CEA-3E27CDD5BE88}.Debug|x64.ActiveCfg = Debug|x64
		{E257C6D9-DF9B-48CD-8CEA-3E27CDD5BE88}.Debug|x64.Build.0 = Debug|x64
		{E257C6D9-DF9B-48CD-8CEA-3E27CDD5BE88}.Debug|x86.ActiveCfg = Debug|Win32
		{E257C6D9-DF9B-48CD-8CEA-3E27CDD5BE88}.Debug|x86.Build.0 = Debug|Win32
		{E257C6D9-DF9B-48CD-8CEA-3E27CDD5BE88}.Release|x64.ActiveCfg = Release|x64
		{E257C6D9-DF9B-48CD-8CEA-3E27CDD5BE88}.Release|x64.Build.0 = Release|x64
		{E257C6D9-DF9B-48CD-8CEA-3E27CDD5BE88}.Release|x86.ActiveCfg = Release|Win32
		{E257C6D9-DF9B-48CD-8CEA-3E27CDD5BE88}.Release|x86.Build.0 = Release|Win32
		{AF65CF87-8E98-43CA-BD96-359300ECEB1B}.Debug|x64.ActiveCfg = Debug|x64
		{AF65CF87-8E98-43CA-BD96-359300ECEB1B}.Debug|x64.Build.0 = Debug|x64
		{AF65CF87-8E98-43CA-BD96-359300ECEB1B}.Debug|x86.ActiveCfg = Debug|Win32
		{AF65CF87-8E98-43CA-BD96-359300ECEB1B}.Debug|x86.Build.0 = Debug|Win32
		{AF65CF87-8E98-43CA-BD96-359300ECEB1B}.Release|x64.ActiveCfg = Release|x64
		{AF65CF87-8E98-43CA-BD96-359300ECEB1B}.Release|x64.Build.0 = Release|x64
		{AF65CF87-8E98-43CA-BD96-359300ECEB1B}.Release|x86.ActiveCfg = Release|Win32
		{AF65CF87-8E98-43CA-BD96-359300ECEB1B}.Release|x86.Build.0 = Release|Win32
		{87CF0BF1-90DA-4589-9023-15141DDB2FB5}.Debug|x64.ActiveCfg = Debug|x64
		{87CF0BF1-90DA-4589-9023-15141DDB2FB5}.Debug|x64.Build.0 = Debug|x64
		{87CF0BF1-90DA-4589-9023-15141DDB2FB5}.Debug|x86.ActiveCfg = Debug|Win32
		{87CF0BF1-90DA-4589-9023-15141DDB2FB5}.Debug|x86.Build.0 = Debug|Win32
		{87CF0BF1-90DA-4589-9023-15141DDB2FB5}.Release|x64.ActiveCfg = Release|x64
		{87CF0BF1-90DA-4589-9023-15141DDB2FB5}.Release|x64.Build.0 = Release|x64
		{87CF0BF1-90DA-4589-9023-15141DDB2FB5}.Release|x86.ActiveCfg = Release|Win32
		{87CF0BF1-90DA-4589-9023-15141DDB2FB5}.Release|x86.Build.0 = Release|Win32
		{7FD166E6-26FF-41AB-96AB-F841B69DF994}.Debug|x64.ActiveCfg = Debug|x64
		{7FD166E6-26FF-41AB-96AB-F841B69DF994}.Debug|x64.Build.0 = Debug|x64
		{7FD166E6-26FF-41AB-96AB-F841B69DF994}.Debug|x86.ActiveCfg = Debug|Win32
		{7FD166E6-26FF-41AB-96AB-F841B69DF994}.Debug|x86.Build.0 = Debug|Win32
		{7FD166E6-26FF-41AB-96AB-F841B69DF994}.Release|x64.ActiveCfg = Release|x64
		{7FD166E6-26FF-41AB-96AB-F841B69DF994}.Release|x64.Build.0 = Release|x64
		{7FD166E6-26FF-41AB-96AB-F841B69DF994}.Release|x86.ActiveCfg = Release|Win32
		{7FD166E6-26FF-41AB-96AB-F841B69DF994}.Release|x86.Build.0 = Release|Win32
	EndGlobalSection
	GlobalSection(SolutionProperties) = preSolution
		HideSolutionNode = FALSE
	EndGlobalSection
	GlobalSection(ExtensibilityGlobals) = postSolution
		SolutionGuid = {D5B657BE-9206-4F89-96B0-7FBD20B032DD}
	EndGlobalSection
EndGlobal
