
Microsoft Visual Studio Solution File, Format Version 12.00
# Visual Studio Version 16
VisualStudioVersion = 16.0.32228.343
MinimumVisualStudioVersion = 10.0.40219.1
Project("{8BC9CEB8-8B4A-11D0-8D11-00A0C91BC942}") = "2309", "2309\2309.vcxproj", "{3028A58A-CBB1-4E54-93AE-25FBDBB44A3A}"
EndProject
Project("{8BC9CEB8-8B4A-11D0-8D11-00A0C91BC942}") = "10808", "10808\10808.vcxproj", "{15629BAD-4074-46A1-ADD4-72C9D90D8263}"
EndProject
Project("{8BC9CEB8-8B4A-11D0-8D11-00A0C91BC942}") = "2979", "2979\2979.vcxproj", "{7A6EA138-E0C1-4E02-8ECD-48A33A5498F7}"
EndProject
Project("{8BC9CEB8-8B4A-11D0-8D11-00A0C91BC942}") = "1159", "1159\1159.vcxproj", "{41C83424-31FE-4F4E-8071-7CBF5C73ECEE}"
EndProject
Project("{8BC9CEB8-8B4A-11D0-8D11-00A0C91BC942}") = "10988", "10988\10988.vcxproj", "{BDE98A40-08CA-41AA-B653-ACA6691C5D79}"
EndProject
Project("{8BC9CEB8-8B4A-11D0-8D11-00A0C91BC942}") = "11655", "11655\11655.vcxproj", "{B5CEC797-E1ED-4341-93BC-EDAD9ADA9BEC}"
EndProject
Project("{8BC9CEB8-8B4A-11D0-8D11-00A0C91BC942}") = "9996", "9996\9996.vcxproj", "{ED1EC5F5-434C-4FFE-B807-C0395F14930A}"
EndProject
Global
	GlobalSection(SolutionConfigurationPlatforms) = preSolution
		Debug|x64 = Debug|x64
		Debug|x86 = Debug|x86
		Release|x64 = Release|x64
		Release|x86 = Release|x86
	EndGlobalSection
	GlobalSection(ProjectConfigurationPlatforms) = postSolution
		{3028A58A-CBB1-4E54-93AE-25FBDBB44A3A}.Debug|x64.ActiveCfg = Debug|x64
		{3028A58A-CBB1-4E54-93AE-25FBDBB44A3A}.Debug|x64.Build.0 = Debug|x64
		{3028A58A-CBB1-4E54-93AE-25FBDBB44A3A}.Debug|x86.ActiveCfg = Debug|Win32
		{3028A58A-CBB1-4E54-93AE-25FBDBB44A3A}.Debug|x86.Build.0 = Debug|Win32
		{3028A58A-CBB1-4E54-93AE-25FBDBB44A3A}.Release|x64.ActiveCfg = Release|x64
		{3028A58A-CBB1-4E54-93AE-25FBDBB44A3A}.Release|x64.Build.0 = Release|x64
		{3028A58A-CBB1-4E54-93AE-25FBDBB44A3A}.Release|x86.ActiveCfg = Release|Win32
		{3028A58A-CBB1-4E54-93AE-25FBDBB44A3A}.Release|x86.Build.0 = Release|Win32
		{15629BAD-4074-46A1-ADD4-72C9D90D8263}.Debug|x64.ActiveCfg = Debug|x64
		{15629BAD-4074-46A1-ADD4-72C9D90D8263}.Debug|x64.Build.0 = Debug|x64
		{15629BAD-4074-46A1-ADD4-72C9D90D8263}.Debug|x86.ActiveCfg = Debug|Win32
		{15629BAD-4074-46A1-ADD4-72C9D90D8263}.Debug|x86.Build.0 = Debug|Win32
		{15629BAD-4074-46A1-ADD4-72C9D90D8263}.Release|x64.ActiveCfg = Release|x64
		{15629BAD-4074-46A1-ADD4-72C9D90D8263}.Release|x64.Build.0 = Release|x64
		{15629BAD-4074-46A1-ADD4-72C9D90D8263}.Release|x86.ActiveCfg = Release|Win32
		{15629BAD-4074-46A1-ADD4-72C9D90D8263}.Release|x86.Build.0 = Release|Win32
		{7A6EA138-E0C1-4E02-8ECD-48A33A5498F7}.Debug|x64.ActiveCfg = Debug|x64
		{7A6EA138-E0C1-4E02-8ECD-48A33A5498F7}.Debug|x64.Build.0 = Debug|x64
		{7A6EA138-E0C1-4E02-8ECD-48A33A5498F7}.Debug|x86.ActiveCfg = Debug|Win32
		{7A6EA138-E0C1-4E02-8ECD-48A33A5498F7}.Debug|x86.Build.0 = Debug|Win32
		{7A6EA138-E0C1-4E02-8ECD-48A33A5498F7}.Release|x64.ActiveCfg = Release|x64
		{7A6EA138-E0C1-4E02-8ECD-48A33A5498F7}.Release|x64.Build.0 = Release|x64
		{7A6EA138-E0C1-4E02-8ECD-48A33A5498F7}.Release|x86.ActiveCfg = Release|Win32
		{7A6EA138-E0C1-4E02-8ECD-48A33A5498F7}.Release|x86.Build.0 = Release|Win32
		{41C83424-31FE-4F4E-8071-7CBF5C73ECEE}.Debug|x64.ActiveCfg = Debug|x64
		{41C83424-31FE-4F4E-8071-7CBF5C73ECEE}.Debug|x64.Build.0 = Debug|x64
		{41C83424-31FE-4F4E-8071-7CBF5C73ECEE}.Debug|x86.ActiveCfg = Debug|Win32
		{41C83424-31FE-4F4E-8071-7CBF5C73ECEE}.Debug|x86.Build.0 = Debug|Win32
		{41C83424-31FE-4F4E-8071-7CBF5C73ECEE}.Release|x64.ActiveCfg = Release|x64
		{41C83424-31FE-4F4E-8071-7CBF5C73ECEE}.Release|x64.Build.0 = Release|x64
		{41C83424-31FE-4F4E-8071-7CBF5C73ECEE}.Release|x86.ActiveCfg = Release|Win32
		{41C83424-31FE-4F4E-8071-7CBF5C73ECEE}.Release|x86.Build.0 = Release|Win32
		{BDE98A40-08CA-41AA-B653-ACA6691C5D79}.Debug|x64.ActiveCfg = Debug|x64
		{BDE98A40-08CA-41AA-B653-ACA6691C5D79}.Debug|x64.Build.0 = Debug|x64
		{BDE98A40-08CA-41AA-B653-ACA6691C5D79}.Debug|x86.ActiveCfg = Debug|Win32
		{BDE98A40-08CA-41AA-B653-ACA6691C5D79}.Debug|x86.Build.0 = Debug|Win32
		{BDE98A40-08CA-41AA-B653-ACA6691C5D79}.Release|x64.ActiveCfg = Release|x64
		{BDE98A40-08CA-41AA-B653-ACA6691C5D79}.Release|x64.Build.0 = Release|x64
		{BDE98A40-08CA-41AA-B653-ACA6691C5D79}.Release|x86.ActiveCfg = Release|Win32
		{BDE98A40-08CA-41AA-B653-ACA6691C5D79}.Release|x86.Build.0 = Release|Win32
		{B5CEC797-E1ED-4341-93BC-EDAD9ADA9BEC}.Debug|x64.ActiveCfg = Debug|x64
		{B5CEC797-E1ED-4341-93BC-EDAD9ADA9BEC}.Debug|x64.Build.0 = Debug|x64
		{B5CEC797-E1ED-4341-93BC-EDAD9ADA9BEC}.Debug|x86.ActiveCfg = Debug|Win32
		{B5CEC797-E1ED-4341-93BC-EDAD9ADA9BEC}.Debug|x86.Build.0 = Debug|Win32
		{B5CEC797-E1ED-4341-93BC-EDAD9ADA9BEC}.Release|x64.ActiveCfg = Release|x64
		{B5CEC797-E1ED-4341-93BC-EDAD9ADA9BEC}.Release|x64.Build.0 = Release|x64
		{B5CEC797-E1ED-4341-93BC-EDAD9ADA9BEC}.Release|x86.ActiveCfg = Release|Win32
		{B5CEC797-E1ED-4341-93BC-EDAD9ADA9BEC}.Release|x86.Build.0 = Release|Win32
		{ED1EC5F5-434C-4FFE-B807-C0395F14930A}.Debug|x64.ActiveCfg = Debug|x64
		{ED1EC5F5-434C-4FFE-B807-C0395F14930A}.Debug|x64.Build.0 = Debug|x64
		{ED1EC5F5-434C-4FFE-B807-C0395F14930A}.Debug|x86.ActiveCfg = Debug|Win32
		{ED1EC5F5-434C-4FFE-B807-C0395F14930A}.Debug|x86.Build.0 = Debug|Win32
		{ED1EC5F5-434C-4FFE-B807-C0395F14930A}.Release|x64.ActiveCfg = Release|x64
		{ED1EC5F5-434C-4FFE-B807-C0395F14930A}.Release|x64.Build.0 = Release|x64
		{ED1EC5F5-434C-4FFE-B807-C0395F14930A}.Release|x86.ActiveCfg = Release|Win32
		{ED1EC5F5-434C-4FFE-B807-C0395F14930A}.Release|x86.Build.0 = Release|Win32
	EndGlobalSection
	GlobalSection(SolutionProperties) = preSolution
		HideSolutionNode = FALSE
	EndGlobalSection
	GlobalSection(ExtensibilityGlobals) = postSolution
		SolutionGuid = {D5B657BE-9206-4F89-96B0-7FBD20B032DD}
	EndGlobalSection
EndGlobal
